// !$*UTF8*$!
{
	archiveVersion = 1;
	classes = {
	};
	objectVersion = 46;
	objects = {

/* Begin PBXBuildFile section */
		2884DFC31F77B10400142E4E /* main.m in Sources */ = {isa = PBXBuildFile; fileRef = 2884DFC21F77B10400142E4E /* main.m */; };
		2884DFC61F77B10400142E4E /* AppDelegate.m in Sources */ = {isa = PBXBuildFile; fileRef = 2884DFC51F77B10400142E4E /* AppDelegate.m */; };
		2884DFC91F77B10400142E4E /* ViewController.m in Sources */ = {isa = PBXBuildFile; fileRef = 2884DFC81F77B10400142E4E /* ViewController.m */; };
		2884DFCC1F77B10400142E4E /* Main.storyboard in Resources */ = {isa = PBXBuildFile; fileRef = 2884DFCA1F77B10400142E4E /* Main.storyboard */; };
		2884DFCE1F77B10400142E4E /* Assets.xcassets in Resources */ = {isa = PBXBuildFile; fileRef = 2884DFCD1F77B10400142E4E /* Assets.xcassets */; };
		2884DFD11F77B10400142E4E /* LaunchScreen.storyboard in Resources */ = {isa = PBXBuildFile; fileRef = 2884DFCF1F77B10400142E4E /* LaunchScreen.storyboard */; };
		2884DFDC1F77B10400142E4E /* BSBDJDemoTests.m in Sources */ = {isa = PBXBuildFile; fileRef = 2884DFDB1F77B10400142E4E /* BSBDJDemoTests.m */; };
		2884DFE71F77B10400142E4E /* BSBDJDemoUITests.m in Sources */ = {isa = PBXBuildFile; fileRef = 2884DFE61F77B10400142E4E /* BSBDJDemoUITests.m */; };
		28AE59BA1F8E60460064B261 /* RMLEssenceViewController.m in Sources */ = {isa = PBXBuildFile; fileRef = 28AE59881F8E60460064B261 /* RMLEssenceViewController.m */; };
		28AE59BB1F8E60460064B261 /* RMLCommendViewController.m in Sources */ = {isa = PBXBuildFile; fileRef = 28AE598E1F8E60460064B261 /* RMLCommendViewController.m */; };
		28AE59BC1F8E60460064B261 /* RMLCommendViewController.xib in Resources */ = {isa = PBXBuildFile; fileRef = 28AE598F1F8E60460064B261 /* RMLCommendViewController.xib */; };
		28AE59BD1F8E60460064B261 /* RMLFriendTrendsViewController.m in Sources */ = {isa = PBXBuildFile; fileRef = 28AE59911F8E60460064B261 /* RMLFriendTrendsViewController.m */; };
		28AE59BE1F8E60460064B261 /* RMLFriendTrendsViewController.xib in Resources */ = {isa = PBXBuildFile; fileRef = 28AE59921F8E60460064B261 /* RMLFriendTrendsViewController.xib */; };
		28AE59BF1F8E60460064B261 /* RMLListModel.m in Sources */ = {isa = PBXBuildFile; fileRef = 28AE59951F8E60460064B261 /* RMLListModel.m */; };
		28AE59C01F8E60460064B261 /* RMLUserModel.m in Sources */ = {isa = PBXBuildFile; fileRef = 28AE59971F8E60460064B261 /* RMLUserModel.m */; };
		28AE59C11F8E60460064B261 /* RMLListTableViewCell.m in Sources */ = {isa = PBXBuildFile; fileRef = 28AE599A1F8E60460064B261 /* RMLListTableViewCell.m */; };
		28AE59C21F8E60460064B261 /* RMLListTableViewCell.xib in Resources */ = {isa = PBXBuildFile; fileRef = 28AE599B1F8E60460064B261 /* RMLListTableViewCell.xib */; };
		28AE59C31F8E60460064B261 /* RMLUsersTableViewCell.m in Sources */ = {isa = PBXBuildFile; fileRef = 28AE599D1F8E60460064B261 /* RMLUsersTableViewCell.m */; };
		28AE59C41F8E60460064B261 /* RMLUsersTableViewCell.xib in Resources */ = {isa = PBXBuildFile; fileRef = 28AE599E1F8E60460064B261 /* RMLUsersTableViewCell.xib */; };
		28AE59C51F8E60460064B261 /* RMLMeViewController.m in Sources */ = {isa = PBXBuildFile; fileRef = 28AE59A21F8E60460064B261 /* RMLMeViewController.m */; };
		28AE59C61F8E60460064B261 /* RMLNewViewController.m in Sources */ = {isa = PBXBuildFile; fileRef = 28AE59A81F8E60460064B261 /* RMLNewViewController.m */; };
		28AE59C71F8E60460064B261 /* UIBarButtonItem+RMLExtension.m in Sources */ = {isa = PBXBuildFile; fileRef = 28AE59AE1F8E60460064B261 /* UIBarButtonItem+RMLExtension.m */; };
		28AE59C81F8E60460064B261 /* UIView+RMLFrame.m in Sources */ = {isa = PBXBuildFile; fileRef = 28AE59B01F8E60460064B261 /* UIView+RMLFrame.m */; };
		28AE59C91F8E60460064B261 /* RMLNavigationViewController.m in Sources */ = {isa = PBXBuildFile; fileRef = 28AE59B31F8E60460064B261 /* RMLNavigationViewController.m */; };
		28AE59CA1F8E60460064B261 /* RMLTabBarViewController.m in Sources */ = {isa = PBXBuildFile; fileRef = 28AE59B51F8E60460064B261 /* RMLTabBarViewController.m */; };
		28AE59CB1F8E60460064B261 /* RMLTabBar.m in Sources */ = {isa = PBXBuildFile; fileRef = 28AE59B91F8E60460064B261 /* RMLTabBar.m */; };
		68710F4B3466A2D03F8011A0 /* libPods-BSBDJDemo.a in Frameworks */ = {isa = PBXBuildFile; fileRef = 5665ABAC10F0C70F209DBD2B /* libPods-BSBDJDemo.a */; };
/* End PBXBuildFile section */

/* Begin PBXContainerItemProxy section */
		2884DFD81F77B10400142E4E /* PBXContainerItemProxy */ = {
			isa = PBXContainerItemProxy;
			containerPortal = 2884DFB61F77B10400142E4E /* Project object */;
			proxyType = 1;
			remoteGlobalIDString = 2884DFBD1F77B10400142E4E;
			remoteInfo = BSBDJDemo;
		};
		2884DFE31F77B10400142E4E /* PBXContainerItemProxy */ = {
			isa = PBXContainerItemProxy;
			containerPortal = 2884DFB61F77B10400142E4E /* Project object */;
			proxyType = 1;
			remoteGlobalIDString = 2884DFBD1F77B10400142E4E;
			remoteInfo = BSBDJDemo;
		};
/* End PBXContainerItemProxy section */

/* Begin PBXFileReference section */
		2884DFBE1F77B10400142E4E /* BSBDJDemo.app */ = {isa = PBXFileReference; explicitFileType = wrapper.application; includeInIndex = 0; path = BSBDJDemo.app; sourceTree = BUILT_PRODUCTS_DIR; };
		2884DFC21F77B10400142E4E /* main.m */ = {isa = PBXFileReference; lastKnownFileType = sourcecode.c.objc; path = main.m; sourceTree = "<group>"; };
		2884DFC41F77B10400142E4E /* AppDelegate.h */ = {isa = PBXFileReference; lastKnownFileType = sourcecode.c.h; path = AppDelegate.h; sourceTree = "<group>"; };
		2884DFC51F77B10400142E4E /* AppDelegate.m */ = {isa = PBXFileReference; lastKnownFileType = sourcecode.c.objc; path = AppDelegate.m; sourceTree = "<group>"; };
		2884DFC71F77B10400142E4E /* ViewController.h */ = {isa = PBXFileReference; lastKnownFileType = sourcecode.c.h; path = ViewController.h; sourceTree = "<group>"; };
		2884DFC81F77B10400142E4E /* ViewController.m */ = {isa = PBXFileReference; lastKnownFileType = sourcecode.c.objc; path = ViewController.m; sourceTree = "<group>"; };
		2884DFCB1F77B10400142E4E /* Base */ = {isa = PBXFileReference; lastKnownFileType = file.storyboard; name = Base; path = Base.lproj/Main.storyboard; sourceTree = "<group>"; };
		2884DFCD1F77B10400142E4E /* Assets.xcassets */ = {isa = PBXFileReference; lastKnownFileType = folder.assetcatalog; path = Assets.xcassets; sourceTree = "<group>"; };
		2884DFD01F77B10400142E4E /* Base */ = {isa = PBXFileReference; lastKnownFileType = file.storyboard; name = Base; path = Base.lproj/LaunchScreen.storyboard; sourceTree = "<group>"; };
		2884DFD21F77B10400142E4E /* Info.plist */ = {isa = PBXFileReference; lastKnownFileType = text.plist.xml; path = Info.plist; sourceTree = "<group>"; };
		2884DFD71F77B10400142E4E /* BSBDJDemoTests.xctest */ = {isa = PBXFileReference; explicitFileType = wrapper.cfbundle; includeInIndex = 0; path = BSBDJDemoTests.xctest; sourceTree = BUILT_PRODUCTS_DIR; };
		2884DFDB1F77B10400142E4E /* BSBDJDemoTests.m */ = {isa = PBXFileReference; lastKnownFileType = sourcecode.c.objc; path = BSBDJDemoTests.m; sourceTree = "<group>"; };
		2884DFDD1F77B10400142E4E /* Info.plist */ = {isa = PBXFileReference; lastKnownFileType = text.plist.xml; path = Info.plist; sourceTree = "<group>"; };
		2884DFE21F77B10400142E4E /* BSBDJDemoUITests.xctest */ = {isa = PBXFileReference; explicitFileType = wrapper.cfbundle; includeInIndex = 0; path = BSBDJDemoUITests.xctest; sourceTree = BUILT_PRODUCTS_DIR; };
		2884DFE61F77B10400142E4E /* BSBDJDemoUITests.m */ = {isa = PBXFileReference; lastKnownFileType = sourcecode.c.objc; path = BSBDJDemoUITests.m; sourceTree = "<group>"; };
		2884DFE81F77B10400142E4E /* Info.plist */ = {isa = PBXFileReference; lastKnownFileType = text.plist.xml; path = Info.plist; sourceTree = "<group>"; };
		28AE59871F8E60460064B261 /* RMLEssenceViewController.h */ = {isa = PBXFileReference; fileEncoding = 4; lastKnownFileType = sourcecode.c.h; path = RMLEssenceViewController.h; sourceTree = "<group>"; };
		28AE59881F8E60460064B261 /* RMLEssenceViewController.m */ = {isa = PBXFileReference; fileEncoding = 4; lastKnownFileType = sourcecode.c.objc; path = RMLEssenceViewController.m; sourceTree = "<group>"; };
		28AE598D1F8E60460064B261 /* RMLCommendViewController.h */ = {isa = PBXFileReference; fileEncoding = 4; lastKnownFileType = sourcecode.c.h; path = RMLCommendViewController.h; sourceTree = "<group>"; };
		28AE598E1F8E60460064B261 /* RMLCommendViewController.m */ = {isa = PBXFileReference; fileEncoding = 4; lastKnownFileType = sourcecode.c.objc; path = RMLCommendViewController.m; sourceTree = "<group>"; };
		28AE598F1F8E60460064B261 /* RMLCommendViewController.xib */ = {isa = PBXFileReference; fileEncoding = 4; lastKnownFileType = file.xib; path = RMLCommendViewController.xib; sourceTree = "<group>"; };
		28AE59901F8E60460064B261 /* RMLFriendTrendsViewController.h */ = {isa = PBXFileReference; fileEncoding = 4; lastKnownFileType = sourcecode.c.h; path = RMLFriendTrendsViewController.h; sourceTree = "<group>"; };
		28AE59911F8E60460064B261 /* RMLFriendTrendsViewController.m */ = {isa = PBXFileReference; fileEncoding = 4; lastKnownFileType = sourcecode.c.objc; path = RMLFriendTrendsViewController.m; sourceTree = "<group>"; };
		28AE59921F8E60460064B261 /* RMLFriendTrendsViewController.xib */ = {isa = PBXFileReference; fileEncoding = 4; lastKnownFileType = file.xib; path = RMLFriendTrendsViewController.xib; sourceTree = "<group>"; };
		28AE59941F8E60460064B261 /* RMLListModel.h */ = {isa = PBXFileReference; fileEncoding = 4; lastKnownFileType = sourcecode.c.h; path = RMLListModel.h; sourceTree = "<group>"; };
		28AE59951F8E60460064B261 /* RMLListModel.m */ = {isa = PBXFileReference; fileEncoding = 4; lastKnownFileType = sourcecode.c.objc; path = RMLListModel.m; sourceTree = "<group>"; };
		28AE59961F8E60460064B261 /* RMLUserModel.h */ = {isa = PBXFileReference; fileEncoding = 4; lastKnownFileType = sourcecode.c.h; path = RMLUserModel.h; sourceTree = "<group>"; };
		28AE59971F8E60460064B261 /* RMLUserModel.m */ = {isa = PBXFileReference; fileEncoding = 4; lastKnownFileType = sourcecode.c.objc; path = RMLUserModel.m; sourceTree = "<group>"; };
		28AE59991F8E60460064B261 /* RMLListTableViewCell.h */ = {isa = PBXFileReference; fileEncoding = 4; lastKnownFileType = sourcecode.c.h; path = RMLListTableViewCell.h; sourceTree = "<group>"; };
		28AE599A1F8E60460064B261 /* RMLListTableViewCell.m */ = {isa = PBXFileReference; fileEncoding = 4; lastKnownFileType = sourcecode.c.objc; path = RMLListTableViewCell.m; sourceTree = "<group>"; };
		28AE599B1F8E60460064B261 /* RMLListTableViewCell.xib */ = {isa = PBXFileReference; fileEncoding = 4; lastKnownFileType = file.xib; path = RMLListTableViewCell.xib; sourceTree = "<group>"; };
		28AE599C1F8E60460064B261 /* RMLUsersTableViewCell.h */ = {isa = PBXFileReference; fileEncoding = 4; lastKnownFileType = sourcecode.c.h; path = RMLUsersTableViewCell.h; sourceTree = "<group>"; };
		28AE599D1F8E60460064B261 /* RMLUsersTableViewCell.m */ = {isa = PBXFileReference; fileEncoding = 4; lastKnownFileType = sourcecode.c.objc; path = RMLUsersTableViewCell.m; sourceTree = "<group>"; };
		28AE599E1F8E60460064B261 /* RMLUsersTableViewCell.xib */ = {isa = PBXFileReference; fileEncoding = 4; lastKnownFileType = file.xib; path = RMLUsersTableViewCell.xib; sourceTree = "<group>"; };
		28AE59A11F8E60460064B261 /* RMLMeViewController.h */ = {isa = PBXFileReference; fileEncoding = 4; lastKnownFileType = sourcecode.c.h; path = RMLMeViewController.h; sourceTree = "<group>"; };
		28AE59A21F8E60460064B261 /* RMLMeViewController.m */ = {isa = PBXFileReference; fileEncoding = 4; lastKnownFileType = sourcecode.c.objc; path = RMLMeViewController.m; sourceTree = "<group>"; };
		28AE59A71F8E60460064B261 /* RMLNewViewController.h */ = {isa = PBXFileReference; fileEncoding = 4; lastKnownFileType = sourcecode.c.h; path = RMLNewViewController.h; sourceTree = "<group>"; };
		28AE59A81F8E60460064B261 /* RMLNewViewController.m */ = {isa = PBXFileReference; fileEncoding = 4; lastKnownFileType = sourcecode.c.objc; path = RMLNewViewController.m; sourceTree = "<group>"; };
		28AE59AD1F8E60460064B261 /* UIBarButtonItem+RMLExtension.h */ = {isa = PBXFileReference; fileEncoding = 4; lastKnownFileType = sourcecode.c.h; path = "UIBarButtonItem+RMLExtension.h"; sourceTree = "<group>"; };
		28AE59AE1F8E60460064B261 /* UIBarButtonItem+RMLExtension.m */ = {isa = PBXFileReference; fileEncoding = 4; lastKnownFileType = sourcecode.c.objc; path = "UIBarButtonItem+RMLExtension.m"; sourceTree = "<group>"; };
		28AE59AF1F8E60460064B261 /* UIView+RMLFrame.h */ = {isa = PBXFileReference; fileEncoding = 4; lastKnownFileType = sourcecode.c.h; path = "UIView+RMLFrame.h"; sourceTree = "<group>"; };
		28AE59B01F8E60460064B261 /* UIView+RMLFrame.m */ = {isa = PBXFileReference; fileEncoding = 4; lastKnownFileType = sourcecode.c.objc; path = "UIView+RMLFrame.m"; sourceTree = "<group>"; };
		28AE59B21F8E60460064B261 /* RMLNavigationViewController.h */ = {isa = PBXFileReference; fileEncoding = 4; lastKnownFileType = sourcecode.c.h; path = RMLNavigationViewController.h; sourceTree = "<group>"; };
		28AE59B31F8E60460064B261 /* RMLNavigationViewController.m */ = {isa = PBXFileReference; fileEncoding = 4; lastKnownFileType = sourcecode.c.objc; path = RMLNavigationViewController.m; sourceTree = "<group>"; };
		28AE59B41F8E60460064B261 /* RMLTabBarViewController.h */ = {isa = PBXFileReference; fileEncoding = 4; lastKnownFileType = sourcecode.c.h; path = RMLTabBarViewController.h; sourceTree = "<group>"; };
		28AE59B51F8E60460064B261 /* RMLTabBarViewController.m */ = {isa = PBXFileReference; fileEncoding = 4; lastKnownFileType = sourcecode.c.objc; path = RMLTabBarViewController.m; sourceTree = "<group>"; };
		28AE59B61F8E60460064B261 /* PrefixHeader.pch */ = {isa = PBXFileReference; fileEncoding = 4; lastKnownFileType = sourcecode.c.h; path = PrefixHeader.pch; sourceTree = "<group>"; };
		28AE59B81F8E60460064B261 /* RMLTabBar.h */ = {isa = PBXFileReference; fileEncoding = 4; lastKnownFileType = sourcecode.c.h; path = RMLTabBar.h; sourceTree = "<group>"; };
		28AE59B91F8E60460064B261 /* RMLTabBar.m */ = {isa = PBXFileReference; fileEncoding = 4; lastKnownFileType = sourcecode.c.objc; path = RMLTabBar.m; sourceTree = "<group>"; };
		371A5B0B90791A798489194A /* Pods-BSBDJDemo.debug.xcconfig */ = {isa = PBXFileReference; includeInIndex = 1; lastKnownFileType = text.xcconfig; name = "Pods-BSBDJDemo.debug.xcconfig"; path = "Pods/Target Support Files/Pods-BSBDJDemo/Pods-BSBDJDemo.debug.xcconfig"; sourceTree = "<group>"; };
		5665ABAC10F0C70F209DBD2B /* libPods-BSBDJDemo.a */ = {isa = PBXFileReference; explicitFileType = archive.ar; includeInIndex = 0; path = "libPods-BSBDJDemo.a"; sourceTree = BUILT_PRODUCTS_DIR; };
		63573F4AD18F7600B09378E8 /* Pods-BSBDJDemo.release.xcconfig */ = {isa = PBXFileReference; includeInIndex = 1; lastKnownFileType = text.xcconfig; name = "Pods-BSBDJDemo.release.xcconfig"; path = "Pods/Target Support Files/Pods-BSBDJDemo/Pods-BSBDJDemo.release.xcconfig"; sourceTree = "<group>"; };
/* End PBXFileReference section */

/* Begin PBXFrameworksBuildPhase section */
		2884DFBB1F77B10400142E4E /* Frameworks */ = {
			isa = PBXFrameworksBuildPhase;
			buildActionMask = 2147483647;
			files = (
				68710F4B3466A2D03F8011A0 /* libPods-BSBDJDemo.a in Frameworks */,
			);
			runOnlyForDeploymentPostprocessing = 0;
		};
		2884DFD41F77B10400142E4E /* Frameworks */ = {
			isa = PBXFrameworksBuildPhase;
			buildActionMask = 2147483647;
			files = (
			);
			runOnlyForDeploymentPostprocessing = 0;
		};
		2884DFDF1F77B10400142E4E /* Frameworks */ = {
			isa = PBXFrameworksBuildPhase;
			buildActionMask = 2147483647;
			files = (
			);
			runOnlyForDeploymentPostprocessing = 0;
		};
/* End PBXFrameworksBuildPhase section */

/* Begin PBXGroup section */
		2884DFB51F77B10400142E4E = {
			isa = PBXGroup;
			children = (
				2884DFC01F77B10400142E4E /* BSBDJDemo */,
				2884DFDA1F77B10400142E4E /* BSBDJDemoTests */,
				2884DFE51F77B10400142E4E /* BSBDJDemoUITests */,
				2884DFBF1F77B10400142E4E /* Products */,
				91AD346A995A290C720DE595 /* Pods */,
				D7B6F098ACB145C4850A8D60 /* Frameworks */,
			);
			sourceTree = "<group>";
		};
		2884DFBF1F77B10400142E4E /* Products */ = {
			isa = PBXGroup;
			children = (
				2884DFBE1F77B10400142E4E /* BSBDJDemo.app */,
				2884DFD71F77B10400142E4E /* BSBDJDemoTests.xctest */,
				2884DFE21F77B10400142E4E /* BSBDJDemoUITests.xctest */,
			);
			name = Products;
			sourceTree = "<group>";
		};
		2884DFC01F77B10400142E4E /* BSBDJDemo */ = {
			isa = PBXGroup;
			children = (
				28AE59841F8E60460064B261 /* Classes */,
				2884DFC41F77B10400142E4E /* AppDelegate.h */,
				2884DFC51F77B10400142E4E /* AppDelegate.m */,
				2884DFC71F77B10400142E4E /* ViewController.h */,
				2884DFC81F77B10400142E4E /* ViewController.m */,
				2884DFCA1F77B10400142E4E /* Main.storyboard */,
				2884DFCD1F77B10400142E4E /* Assets.xcassets */,
				2884DFCF1F77B10400142E4E /* LaunchScreen.storyboard */,
				2884DFD21F77B10400142E4E /* Info.plist */,
				2884DFC11F77B10400142E4E /* Supporting Files */,
			);
			path = BSBDJDemo;
			sourceTree = "<group>";
		};
		2884DFC11F77B10400142E4E /* Supporting Files */ = {
			isa = PBXGroup;
			children = (
				2884DFC21F77B10400142E4E /* main.m */,
			);
			name = "Supporting Files";
			sourceTree = "<group>";
		};
		2884DFDA1F77B10400142E4E /* BSBDJDemoTests */ = {
			isa = PBXGroup;
			children = (
				2884DFDB1F77B10400142E4E /* BSBDJDemoTests.m */,
				2884DFDD1F77B10400142E4E /* Info.plist */,
			);
			path = BSBDJDemoTests;
			sourceTree = "<group>";
		};
		2884DFE51F77B10400142E4E /* BSBDJDemoUITests */ = {
			isa = PBXGroup;
			children = (
				2884DFE61F77B10400142E4E /* BSBDJDemoUITests.m */,
				2884DFE81F77B10400142E4E /* Info.plist */,
			);
			path = BSBDJDemoUITests;
			sourceTree = "<group>";
		};
		28AE59841F8E60460064B261 /* Classes */ = {
			isa = PBXGroup;
			children = (
				28AE59851F8E60460064B261 /* Essence-精华 */,
				28AE598B1F8E60460064B261 /* FriendTrends-关注 */,
				28AE599F1F8E60460064B261 /* Me-我 */,
				28AE59A51F8E60460064B261 /* New-新帖 */,
				28AE59AB1F8E60460064B261 /* Others */,
			);
			path = Classes;
			sourceTree = "<group>";
		};
		28AE59851F8E60460064B261 /* Essence-精华 */ = {
			isa = PBXGroup;
			children = (
				28AE59861F8E60460064B261 /* Controllers */,
				28AE59891F8E60460064B261 /* Models */,
				28AE598A1F8E60460064B261 /* Views */,
			);
			path = "Essence-精华";
			sourceTree = "<group>";
		};
		28AE59861F8E60460064B261 /* Controllers */ = {
			isa = PBXGroup;
			children = (
				28AE59871F8E60460064B261 /* RMLEssenceViewController.h */,
				28AE59881F8E60460064B261 /* RMLEssenceViewController.m */,
			);
			path = Controllers;
			sourceTree = "<group>";
		};
		28AE59891F8E60460064B261 /* Models */ = {
			isa = PBXGroup;
			children = (
			);
			path = Models;
			sourceTree = "<group>";
		};
		28AE598A1F8E60460064B261 /* Views */ = {
			isa = PBXGroup;
			children = (
			);
			path = Views;
			sourceTree = "<group>";
		};
		28AE598B1F8E60460064B261 /* FriendTrends-关注 */ = {
			isa = PBXGroup;
			children = (
				28AE598C1F8E60460064B261 /* Controllers */,
				28AE59931F8E60460064B261 /* Models */,
				28AE59981F8E60460064B261 /* Views */,
			);
			path = "FriendTrends-关注";
			sourceTree = "<group>";
		};
		28AE598C1F8E60460064B261 /* Controllers */ = {
			isa = PBXGroup;
			children = (
				28AE598D1F8E60460064B261 /* RMLCommendViewController.h */,
				28AE598E1F8E60460064B261 /* RMLCommendViewController.m */,
				28AE598F1F8E60460064B261 /* RMLCommendViewController.xib */,
				28AE59901F8E60460064B261 /* RMLFriendTrendsViewController.h */,
				28AE59911F8E60460064B261 /* RMLFriendTrendsViewController.m */,
				28AE59921F8E60460064B261 /* RMLFriendTrendsViewController.xib */,
			);
			path = Controllers;
			sourceTree = "<group>";
		};
		28AE59931F8E60460064B261 /* Models */ = {
			isa = PBXGroup;
			children = (
				28AE59941F8E60460064B261 /* RMLListModel.h */,
				28AE59951F8E60460064B261 /* RMLListModel.m */,
				28AE59961F8E60460064B261 /* RMLUserModel.h */,
				28AE59971F8E60460064B261 /* RMLUserModel.m */,
			);
			path = Models;
			sourceTree = "<group>";
		};
		28AE59981F8E60460064B261 /* Views */ = {
			isa = PBXGroup;
			children = (
				28AE59991F8E60460064B261 /* RMLListTableViewCell.h */,
				28AE599A1F8E60460064B261 /* RMLListTableViewCell.m */,
				28AE599B1F8E60460064B261 /* RMLListTableViewCell.xib */,
				28AE599C1F8E60460064B261 /* RMLUsersTableViewCell.h */,
				28AE599D1F8E60460064B261 /* RMLUsersTableViewCell.m */,
				28AE599E1F8E60460064B261 /* RMLUsersTableViewCell.xib */,
			);
			path = Views;
			sourceTree = "<group>";
		};
		28AE599F1F8E60460064B261 /* Me-我 */ = {
			isa = PBXGroup;
			children = (
				28AE59A01F8E60460064B261 /* Controllers */,
				28AE59A31F8E60460064B261 /* Models */,
				28AE59A41F8E60460064B261 /* Views */,
			);
			path = "Me-我";
			sourceTree = "<group>";
		};
		28AE59A01F8E60460064B261 /* Controllers */ = {
			isa = PBXGroup;
			children = (
				28AE59A11F8E60460064B261 /* RMLMeViewController.h */,
				28AE59A21F8E60460064B261 /* RMLMeViewController.m */,
			);
			path = Controllers;
			sourceTree = "<group>";
		};
		28AE59A31F8E60460064B261 /* Models */ = {
			isa = PBXGroup;
			children = (
			);
			path = Models;
			sourceTree = "<group>";
		};
		28AE59A41F8E60460064B261 /* Views */ = {
			isa = PBXGroup;
			children = (
			);
			path = Views;
			sourceTree = "<group>";
		};
		28AE59A51F8E60460064B261 /* New-新帖 */ = {
			isa = PBXGroup;
			children = (
				28AE59A61F8E60460064B261 /* Controllers */,
				28AE59A91F8E60460064B261 /* Models */,
				28AE59AA1F8E60460064B261 /* Views */,
			);
			path = "New-新帖";
			sourceTree = "<group>";
		};
		28AE59A61F8E60460064B261 /* Controllers */ = {
			isa = PBXGroup;
			children = (
				28AE59A71F8E60460064B261 /* RMLNewViewController.h */,
				28AE59A81F8E60460064B261 /* RMLNewViewController.m */,
			);
			path = Controllers;
			sourceTree = "<group>";
		};
		28AE59A91F8E60460064B261 /* Models */ = {
			isa = PBXGroup;
			children = (
			);
			path = Models;
			sourceTree = "<group>";
		};
		28AE59AA1F8E60460064B261 /* Views */ = {
			isa = PBXGroup;
			children = (
			);
			path = Views;
			sourceTree = "<group>";
		};
		28AE59AB1F8E60460064B261 /* Others */ = {
			isa = PBXGroup;
			children = (
				28AE59AC1F8E60460064B261 /* Category */,
				28AE59B11F8E60460064B261 /* Controllers */,
				28AE59B61F8E60460064B261 /* PrefixHeader.pch */,
				28AE59B71F8E60460064B261 /* Views */,
			);
			path = Others;
			sourceTree = "<group>";
		};
		28AE59AC1F8E60460064B261 /* Category */ = {
			isa = PBXGroup;
			children = (
				28AE59AD1F8E60460064B261 /* UIBarButtonItem+RMLExtension.h */,
				28AE59AE1F8E60460064B261 /* UIBarButtonItem+RMLExtension.m */,
				28AE59AF1F8E60460064B261 /* UIView+RMLFrame.h */,
				28AE59B01F8E60460064B261 /* UIView+RMLFrame.m */,
			);
			path = Category;
			sourceTree = "<group>";
		};
		28AE59B11F8E60460064B261 /* Controllers */ = {
			isa = PBXGroup;
			children = (
				28AE59B21F8E60460064B261 /* RMLNavigationViewController.h */,
				28AE59B31F8E60460064B261 /* RMLNavigationViewController.m */,
				28AE59B41F8E60460064B261 /* RMLTabBarViewController.h */,
				28AE59B51F8E60460064B261 /* RMLTabBarViewController.m */,
			);
			path = Controllers;
			sourceTree = "<group>";
		};
		28AE59B71F8E60460064B261 /* Views */ = {
			isa = PBXGroup;
			children = (
				28AE59B81F8E60460064B261 /* RMLTabBar.h */,
				28AE59B91F8E60460064B261 /* RMLTabBar.m */,
			);
			path = Views;
			sourceTree = "<group>";
		};
		91AD346A995A290C720DE595 /* Pods */ = {
			isa = PBXGroup;
			children = (
				371A5B0B90791A798489194A /* Pods-BSBDJDemo.debug.xcconfig */,
				63573F4AD18F7600B09378E8 /* Pods-BSBDJDemo.release.xcconfig */,
			);
			name = Pods;
			sourceTree = "<group>";
		};
		D7B6F098ACB145C4850A8D60 /* Frameworks */ = {
			isa = PBXGroup;
			children = (
				5665ABAC10F0C70F209DBD2B /* libPods-BSBDJDemo.a */,
			);
			name = Frameworks;
			sourceTree = "<group>";
		};
/* End PBXGroup section */

/* Begin PBXNativeTarget section */
		2884DFBD1F77B10400142E4E /* BSBDJDemo */ = {
			isa = PBXNativeTarget;
			buildConfigurationList = 2884DFEB1F77B10400142E4E /* Build configuration list for PBXNativeTarget "BSBDJDemo" */;
			buildPhases = (
				648B24289EE77908C911DEFB /* [CP] Check Pods Manifest.lock */,
				2884DFBA1F77B10400142E4E /* Sources */,
				2884DFBB1F77B10400142E4E /* Frameworks */,
				2884DFBC1F77B10400142E4E /* Resources */,
				4DEA1A06772E4A000A14BAC5 /* [CP] Embed Pods Frameworks */,
				D54796320EEAB8DD37525F84 /* [CP] Copy Pods Resources */,
			);
			buildRules = (
			);
			dependencies = (
			);
			name = BSBDJDemo;
			productName = BSBDJDemo;
			productReference = 2884DFBE1F77B10400142E4E /* BSBDJDemo.app */;
			productType = "com.apple.product-type.application";
		};
		2884DFD61F77B10400142E4E /* BSBDJDemoTests */ = {
			isa = PBXNativeTarget;
			buildConfigurationList = 2884DFEE1F77B10400142E4E /* Build configuration list for PBXNativeTarget "BSBDJDemoTests" */;
			buildPhases = (
				2884DFD31F77B10400142E4E /* Sources */,
				2884DFD41F77B10400142E4E /* Frameworks */,
				2884DFD51F77B10400142E4E /* Resources */,
			);
			buildRules = (
			);
			dependencies = (
				2884DFD91F77B10400142E4E /* PBXTargetDependency */,
			);
			name = BSBDJDemoTests;
			productName = BSBDJDemoTests;
			productReference = 2884DFD71F77B10400142E4E /* BSBDJDemoTests.xctest */;
			productType = "com.apple.product-type.bundle.unit-test";
		};
		2884DFE11F77B10400142E4E /* BSBDJDemoUITests */ = {
			isa = PBXNativeTarget;
			buildConfigurationList = 2884DFF11F77B10400142E4E /* Build configuration list for PBXNativeTarget "BSBDJDemoUITests" */;
			buildPhases = (
				2884DFDE1F77B10400142E4E /* Sources */,
				2884DFDF1F77B10400142E4E /* Frameworks */,
				2884DFE01F77B10400142E4E /* Resources */,
			);
			buildRules = (
			);
			dependencies = (
				2884DFE41F77B10400142E4E /* PBXTargetDependency */,
			);
			name = BSBDJDemoUITests;
			productName = BSBDJDemoUITests;
			productReference = 2884DFE21F77B10400142E4E /* BSBDJDemoUITests.xctest */;
			productType = "com.apple.product-type.bundle.ui-testing";
		};
/* End PBXNativeTarget section */

/* Begin PBXProject section */
		2884DFB61F77B10400142E4E /* Project object */ = {
			isa = PBXProject;
			attributes = {
				LastUpgradeCheck = 0830;
				ORGANIZATIONNAME = blue;
				TargetAttributes = {
					2884DFBD1F77B10400142E4E = {
						CreatedOnToolsVersion = 8.3.3;
						ProvisioningStyle = Automatic;
					};
					2884DFD61F77B10400142E4E = {
						CreatedOnToolsVersion = 8.3.3;
						ProvisioningStyle = Automatic;
						TestTargetID = 2884DFBD1F77B10400142E4E;
					};
					2884DFE11F77B10400142E4E = {
						CreatedOnToolsVersion = 8.3.3;
						ProvisioningStyle = Automatic;
						TestTargetID = 2884DFBD1F77B10400142E4E;
					};
				};
			};
			buildConfigurationList = 2884DFB91F77B10400142E4E /* Build configuration list for PBXProject "BSBDJDemo" */;
			compatibilityVersion = "Xcode 3.2";
			developmentRegion = English;
			hasScannedForEncodings = 0;
			knownRegions = (
				en,
				Base,
			);
			mainGroup = 2884DFB51F77B10400142E4E;
			productRefGroup = 2884DFBF1F77B10400142E4E /* Products */;
			projectDirPath = "";
			projectRoot = "";
			targets = (
				2884DFBD1F77B10400142E4E /* BSBDJDemo */,
				2884DFD61F77B10400142E4E /* BSBDJDemoTests */,
				2884DFE11F77B10400142E4E /* BSBDJDemoUITests */,
			);
		};
/* End PBXProject section */

/* Begin PBXResourcesBuildPhase section */
		2884DFBC1F77B10400142E4E /* Resources */ = {
			isa = PBXResourcesBuildPhase;
			buildActionMask = 2147483647;
			files = (
				2884DFD11F77B10400142E4E /* LaunchScreen.storyboard in Resources */,
				28AE59C21F8E60460064B261 /* RMLListTableViewCell.xib in Resources */,
				2884DFCE1F77B10400142E4E /* Assets.xcassets in Resources */,
				28AE59C41F8E60460064B261 /* RMLUsersTableViewCell.xib in Resources */,
				28AE59BC1F8E60460064B261 /* RMLCommendViewController.xib in Resources */,
				28AE59BE1F8E60460064B261 /* RMLFriendTrendsViewController.xib in Resources */,
				2884DFCC1F77B10400142E4E /* Main.storyboard in Resources */,
			);
			runOnlyForDeploymentPostprocessing = 0;
		};
		2884DFD51F77B10400142E4E /* Resources */ = {
			isa = PBXResourcesBuildPhase;
			buildActionMask = 2147483647;
			files = (
			);
			runOnlyForDeploymentPostprocessing = 0;
		};
		2884DFE01F77B10400142E4E /* Resources */ = {
			isa = PBXResourcesBuildPhase;
			buildActionMask = 2147483647;
			files = (
			);
			runOnlyForDeploymentPostprocessing = 0;
		};
/* End PBXResourcesBuildPhase section */

/* Begin PBXShellScriptBuildPhase section */
		4DEA1A06772E4A000A14BAC5 /* [CP] Embed Pods Frameworks */ = {
			isa = PBXShellScriptBuildPhase;
			buildActionMask = 2147483647;
			files = (
			);
			inputPaths = (
			);
			name = "[CP] Embed Pods Frameworks";
			outputPaths = (
			);
			runOnlyForDeploymentPostprocessing = 0;
			shellPath = /bin/sh;
			shellScript = "\"${SRCROOT}/Pods/Target Support Files/Pods-BSBDJDemo/Pods-BSBDJDemo-frameworks.sh\"\n";
			showEnvVarsInLog = 0;
		};
		648B24289EE77908C911DEFB /* [CP] Check Pods Manifest.lock */ = {
			isa = PBXShellScriptBuildPhase;
			buildActionMask = 2147483647;
			files = (
			);
			inputPaths = (
				"${PODS_PODFILE_DIR_PATH}/Podfile.lock",
				"${PODS_ROOT}/Manifest.lock",
			);
			name = "[CP] Check Pods Manifest.lock";
			outputPaths = (
				"$(DERIVED_FILE_DIR)/Pods-BSBDJDemo-checkManifestLockResult.txt",
			);
			runOnlyForDeploymentPostprocessing = 0;
			shellPath = /bin/sh;
			shellScript = "diff \"${PODS_PODFILE_DIR_PATH}/Podfile.lock\" \"${PODS_ROOT}/Manifest.lock\" > /dev/null\nif [ $? != 0 ] ; then\n    # print error to STDERR\n    echo \"error: The sandbox is not in sync with the Podfile.lock. Run 'pod install' or update your CocoaPods installation.\" >&2\n    exit 1\nfi\n# This output is used by Xcode 'outputs' to avoid re-running this script phase.\necho \"SUCCESS\" > \"${SCRIPT_OUTPUT_FILE_0}\"\n";
			showEnvVarsInLog = 0;
		};
		D54796320EEAB8DD37525F84 /* [CP] Copy Pods Resources */ = {
			isa = PBXShellScriptBuildPhase;
			buildActionMask = 2147483647;
			files = (
			);
			inputPaths = (
				"${SRCROOT}/Pods/Target Support Files/Pods-BSBDJDemo/Pods-BSBDJDemo-resources.sh",
				"${PODS_ROOT}/MJRefresh/MJRefresh/MJRefresh.bundle",
				"${PODS_ROOT}/SVProgressHUD/SVProgressHUD/SVProgressHUD.bundle",
			);
			name = "[CP] Copy Pods Resources";
			outputPaths = (
				"${TARGET_BUILD_DIR}/${UNLOCALIZED_RESOURCES_FOLDER_PATH}",
			);
			runOnlyForDeploymentPostprocessing = 0;
			shellPath = /bin/sh;
			shellScript = "\"${SRCROOT}/Pods/Target Support Files/Pods-BSBDJDemo/Pods-BSBDJDemo-resources.sh\"\n";
			showEnvVarsInLog = 0;
		};
/* End PBXShellScriptBuildPhase section */

/* Begin PBXSourcesBuildPhase section */
		2884DFBA1F77B10400142E4E /* Sources */ = {
			isa = PBXSourcesBuildPhase;
			buildActionMask = 2147483647;
			files = (
				2884DFC91F77B10400142E4E /* ViewController.m in Sources */,
				28AE59C61F8E60460064B261 /* RMLNewViewController.m in Sources */,
				28AE59C81F8E60460064B261 /* UIView+RMLFrame.m in Sources */,
				28AE59BB1F8E60460064B261 /* RMLCommendViewController.m in Sources */,
				28AE59C11F8E60460064B261 /* RMLListTableViewCell.m in Sources */,
				28AE59BF1F8E60460064B261 /* RMLListModel.m in Sources */,
				28AE59C91F8E60460064B261 /* RMLNavigationViewController.m in Sources */,
				28AE59CB1F8E60460064B261 /* RMLTabBar.m in Sources */,
				28AE59BA1F8E60460064B261 /* RMLEssenceViewController.m in Sources */,
				28AE59C01F8E60460064B261 /* RMLUserModel.m in Sources */,
				2884DFC61F77B10400142E4E /* AppDelegate.m in Sources */,
				28AE59CA1F8E60460064B261 /* RMLTabBarViewController.m in Sources */,
				28AE59C51F8E60460064B261 /* RMLMeViewController.m in Sources */,
				28AE59BD1F8E60460064B261 /* RMLFriendTrendsViewController.m in Sources */,
				28AE59C71F8E60460064B261 /* UIBarButtonItem+RMLExtension.m in Sources */,
				28AE59C31F8E60460064B261 /* RMLUsersTableViewCell.m in Sources */,
				2884DFC31F77B10400142E4E /* main.m in Sources */,
			);
			runOnlyForDeploymentPostprocessing = 0;
		};
		2884DFD31F77B10400142E4E /* Sources */ = {
			isa = PBXSourcesBuildPhase;
			buildActionMask = 2147483647;
			files = (
				2884DFDC1F77B10400142E4E /* BSBDJDemoTests.m in Sources */,
			);
			runOnlyForDeploymentPostprocessing = 0;
		};
		2884DFDE1F77B10400142E4E /* Sources */ = {
			isa = PBXSourcesBuildPhase;
			buildActionMask = 2147483647;
			files = (
				2884DFE71F77B10400142E4E /* BSBDJDemoUITests.m in Sources */,
			);
			runOnlyForDeploymentPostprocessing = 0;
		};
/* End PBXSourcesBuildPhase section */

/* Begin PBXTargetDependency section */
		2884DFD91F77B10400142E4E /* PBXTargetDependency */ = {
			isa = PBXTargetDependency;
			target = 2884DFBD1F77B10400142E4E /* BSBDJDemo */;
			targetProxy = 2884DFD81F77B10400142E4E /* PBXContainerItemProxy */;
		};
		2884DFE41F77B10400142E4E /* PBXTargetDependency */ = {
			isa = PBXTargetDependency;
			target = 2884DFBD1F77B10400142E4E /* BSBDJDemo */;
			targetProxy = 2884DFE31F77B10400142E4E /* PBXContainerItemProxy */;
		};
/* End PBXTargetDependency section */

/* Begin PBXVariantGroup section */
		2884DFCA1F77B10400142E4E /* Main.storyboard */ = {
			isa = PBXVariantGroup;
			children = (
				2884DFCB1F77B10400142E4E /* Base */,
			);
			name = Main.storyboard;
			sourceTree = "<group>";
		};
		2884DFCF1F77B10400142E4E /* LaunchScreen.storyboard */ = {
			isa = PBXVariantGroup;
			children = (
				2884DFD01F77B10400142E4E /* Base */,
			);
			name = LaunchScreen.storyboard;
			sourceTree = "<group>";
		};
/* End PBXVariantGroup section */

/* Begin XCBuildConfiguration section */
		2884DFE91F77B10400142E4E /* Debug */ = {
			isa = XCBuildConfiguration;
			buildSettings = {
				ALWAYS_SEARCH_USER_PATHS = NO;
				CLANG_ANALYZER_NONNULL = YES;
				CLANG_ANALYZER_NUMBER_OBJECT_CONVERSION = YES_AGGRESSIVE;
				CLANG_CXX_LANGUAGE_STANDARD = "gnu++0x";
				CLANG_CXX_LIBRARY = "libc++";
				CLANG_ENABLE_MODULES = YES;
				CLANG_ENABLE_OBJC_ARC = YES;
				CLANG_WARN_BOOL_CONVERSION = YES;
				CLANG_WARN_CONSTANT_CONVERSION = YES;
				CLANG_WARN_DIRECT_OBJC_ISA_USAGE = YES_ERROR;
				CLANG_WARN_DOCUMENTATION_COMMENTS = YES;
				CLANG_WARN_EMPTY_BODY = YES;
				CLANG_WARN_ENUM_CONVERSION = YES;
				CLANG_WARN_INFINITE_RECURSION = YES;
				CLANG_WARN_INT_CONVERSION = YES;
				CLANG_WARN_OBJC_ROOT_CLASS = YES_ERROR;
				CLANG_WARN_SUSPICIOUS_MOVE = YES;
				CLANG_WARN_UNREACHABLE_CODE = YES;
				CLANG_WARN__DUPLICATE_METHOD_MATCH = YES;
				"CODE_SIGN_IDENTITY[sdk=iphoneos*]" = "iPhone Developer";
				COPY_PHASE_STRIP = NO;
				DEBUG_INFORMATION_FORMAT = dwarf;
				ENABLE_STRICT_OBJC_MSGSEND = YES;
				ENABLE_TESTABILITY = YES;
				GCC_C_LANGUAGE_STANDARD = gnu99;
				GCC_DYNAMIC_NO_PIC = NO;
				GCC_NO_COMMON_BLOCKS = YES;
				GCC_OPTIMIZATION_LEVEL = 0;
				GCC_PREPROCESSOR_DEFINITIONS = (
					"DEBUG=1",
					"$(inherited)",
				);
				GCC_WARN_64_TO_32_BIT_CONVERSION = YES;
				GCC_WARN_ABOUT_RETURN_TYPE = YES_ERROR;
				GCC_WARN_UNDECLARED_SELECTOR = YES;
				GCC_WARN_UNINITIALIZED_AUTOS = YES_AGGRESSIVE;
				GCC_WARN_UNUSED_FUNCTION = YES;
				GCC_WARN_UNUSED_VARIABLE = YES;
				IPHONEOS_DEPLOYMENT_TARGET = 10.3;
				MTL_ENABLE_DEBUG_INFO = YES;
				ONLY_ACTIVE_ARCH = YES;
				SDKROOT = iphoneos;
				TARGETED_DEVICE_FAMILY = "1,2";
			};
			name = Debug;
		};
		2884DFEA1F77B10400142E4E /* Release */ = {
			isa = XCBuildConfiguration;
			buildSettings = {
				ALWAYS_SEARCH_USER_PATHS = NO;
				CLANG_ANALYZER_NONNULL = YES;
				CLANG_ANALYZER_NUMBER_OBJECT_CONVERSION = YES_AGGRESSIVE;
				CLANG_CXX_LANGUAGE_STANDARD = "gnu++0x";
				CLANG_CXX_LIBRARY = "libc++";
				CLANG_ENABLE_MODULES = YES;
				CLANG_ENABLE_OBJC_ARC = YES;
				CLANG_WARN_BOOL_CONVERSION = YES;
				CLANG_WARN_CONSTANT_CONVERSION = YES;
				CLANG_WARN_DIRECT_OBJC_ISA_USAGE = YES_ERROR;
				CLANG_WARN_DOCUMENTATION_COMMENTS = YES;
				CLANG_WARN_EMPTY_BODY = YES;
				CLANG_WARN_ENUM_CONVERSION = YES;
				CLANG_WARN_INFINITE_RECURSION = YES;
				CLANG_WARN_INT_CONVERSION = YES;
				CLANG_WARN_OBJC_ROOT_CLASS = YES_ERROR;
				CLANG_WARN_SUSPICIOUS_MOVE = YES;
				CLANG_WARN_UNREACHABLE_CODE = YES;
				CLANG_WARN__DUPLICATE_METHOD_MATCH = YES;
				"CODE_SIGN_IDENTITY[sdk=iphoneos*]" = "iPhone Developer";
				COPY_PHASE_STRIP = NO;
				DEBUG_INFORMATION_FORMAT = "dwarf-with-dsym";
				ENABLE_NS_ASSERTIONS = NO;
				ENABLE_STRICT_OBJC_MSGSEND = YES;
				GCC_C_LANGUAGE_STANDARD = gnu99;
				GCC_NO_COMMON_BLOCKS = YES;
				GCC_WARN_64_TO_32_BIT_CONVERSION = YES;
				GCC_WARN_ABOUT_RETURN_TYPE = YES_ERROR;
				GCC_WARN_UNDECLARED_SELECTOR = YES;
				GCC_WARN_UNINITIALIZED_AUTOS = YES_AGGRESSIVE;
				GCC_WARN_UNUSED_FUNCTION = YES;
				GCC_WARN_UNUSED_VARIABLE = YES;
				IPHONEOS_DEPLOYMENT_TARGET = 10.3;
				MTL_ENABLE_DEBUG_INFO = NO;
				SDKROOT = iphoneos;
				TARGETED_DEVICE_FAMILY = "1,2";
				VALIDATE_PRODUCT = YES;
			};
			name = Release;
		};
		2884DFEC1F77B10400142E4E /* Debug */ = {
			isa = XCBuildConfiguration;
			baseConfigurationReference = 371A5B0B90791A798489194A /* Pods-BSBDJDemo.debug.xcconfig */;
			buildSettings = {
				ASSETCATALOG_COMPILER_APPICON_NAME = AppIcon;
				GCC_PREFIX_HEADER = BSBDJDemo/Classes/Others/PrefixHeader.pch;
				INFOPLIST_FILE = BSBDJDemo/Info.plist;
				LD_RUNPATH_SEARCH_PATHS = "$(inherited) @executable_path/Frameworks";
				PRODUCT_BUNDLE_IDENTIFIER = "---ddd.BSBDJDemo";
				PRODUCT_NAME = "$(TARGET_NAME)";
			};
			name = Debug;
		};
		2884DFED1F77B10400142E4E /* Release */ = {
			isa = XCBuildConfiguration;
			baseConfigurationReference = 63573F4AD18F7600B09378E8 /* Pods-BSBDJDemo.release.xcconfig */;
			buildSettings = {
				ASSETCATALOG_COMPILER_APPICON_NAME = AppIcon;
				GCC_PREFIX_HEADER = BSBDJDemo/Classes/Others/PrefixHeader.pch;
				INFOPLIST_FILE = BSBDJDemo/Info.plist;
				LD_RUNPATH_SEARCH_PATHS = "$(inherited) @executable_path/Frameworks";
				PRODUCT_BUNDLE_IDENTIFIER = "---ddd.BSBDJDemo";
				PRODUCT_NAME = "$(TARGET_NAME)";
			};
			name = Release;
		};
		2884DFEF1F77B10400142E4E /* Debug */ = {
			isa = XCBuildConfiguration;
			buildSettings = {
				BUNDLE_LOADER = "$(TEST_HOST)";
				INFOPLIST_FILE = BSBDJDemoTests/Info.plist;
				LD_RUNPATH_SEARCH_PATHS = "$(inherited) @executable_path/Frameworks @loader_path/Frameworks";
				PRODUCT_BUNDLE_IDENTIFIER = "---ddd.BSBDJDemoTests";
				PRODUCT_NAME = "$(TARGET_NAME)";
				TEST_HOST = "$(BUILT_PRODUCTS_DIR)/BSBDJDemo.app/BSBDJDemo";
			};
			name = Debug;
		};
		2884DFF01F77B10400142E4E /* Release */ = {
			isa = XCBuildConfiguration;
			buildSettings = {
				BUNDLE_LOADER = "$(TEST_HOST)";
				INFOPLIST_FILE = BSBDJDemoTests/Info.plist;
				LD_RUNPATH_SEARCH_PATHS = "$(inherited) @executable_path/Frameworks @loader_path/Frameworks";
				PRODUCT_BUNDLE_IDENTIFIER = "---ddd.BSBDJDemoTests";
				PRODUCT_NAME = "$(TARGET_NAME)";
				TEST_HOST = "$(BUILT_PRODUCTS_DIR)/BSBDJDemo.app/BSBDJDemo";
			};
			name = Release;
		};
		2884DFF21F77B10400142E4E /* Debug */ = {
			isa = XCBuildConfiguration;
			buildSettings = {
				INFOPLIST_FILE = BSBDJDemoUITests/Info.plist;
				LD_RUNPATH_SEARCH_PATHS = "$(inherited) @executable_path/Frameworks @loader_path/Frameworks";
				PRODUCT_BUNDLE_IDENTIFIER = "---ddd.BSBDJDemoUITests";
				PRODUCT_NAME = "$(TARGET_NAME)";
				TEST_TARGET_NAME = BSBDJDemo;
			};
			name = Debug;
		};
		2884DFF31F77B10400142E4E /* Release */ = {
			isa = XCBuildConfiguration;
			buildSettings = {
				INFOPLIST_FILE = BSBDJDemoUITests/Info.plist;
				LD_RUNPATH_SEARCH_PATHS = "$(inherited) @executable_path/Frameworks @loader_path/Frameworks";
				PRODUCT_BUNDLE_IDENTIFIER = "---ddd.BSBDJDemoUITests";
				PRODUCT_NAME = "$(TARGET_NAME)";
				TEST_TARGET_NAME = BSBDJDemo;
			};
			name = Release;
		};
/* End XCBuildConfiguration section */

/* Begin XCConfigurationList section */
		2884DFB91F77B10400142E4E /* Build configuration list for PBXProject "BSBDJDemo" */ = {
			isa = XCConfigurationList;
			buildConfigurations = (
				2884DFE91F77B10400142E4E /* Debug */,
				2884DFEA1F77B10400142E4E /* Release */,
			);
			defaultConfigurationIsVisible = 0;
			defaultConfigurationName = Release;
		};
		2884DFEB1F77B10400142E4E /* Build configuration list for PBXNativeTarget "BSBDJDemo" */ = {
			isa = XCConfigurationList;
			buildConfigurations = (
				2884DFEC1F77B10400142E4E /* Debug */,
				2884DFED1F77B10400142E4E /* Release */,
			);
			defaultConfigurationIsVisible = 0;
			defaultConfigurationName = Release;
		};
		2884DFEE1F77B10400142E4E /* Build configuration list for PBXNativeTarget "BSBDJDemoTests" */ = {
			isa = XCConfigurationList;
			buildConfigurations = (
				2884DFEF1F77B10400142E4E /* Debug */,
				2884DFF01F77B10400142E4E /* Release */,
			);
			defaultConfigurationIsVisible = 0;
			defaultConfigurationName = Release;
		};
		2884DFF11F77B10400142E4E /* Build configuration list for PBXNativeTarget "BSBDJDemoUITests" */ = {
			isa = XCConfigurationList;
			buildConfigurations = (
				2884DFF21F77B10400142E4E /* Debug */,
				2884DFF31F77B10400142E4E /* Release */,
			);
			defaultConfigurationIsVisible = 0;
			defaultConfigurationName = Release;
		};
/* End XCConfigurationList section */
	};
	rootObject = 2884DFB61F77B10400142E4E /* Project object */;
}
